# THIS IS AN AUTOGENERATED FILE. DO NOT EDIT THIS FILE DIRECTLY.
# yarn lockfile v1


"@chenfengyuan/datepicker@^1.0.7":
  version "1.0.7"
  resolved "https://registry.yarnpkg.com/@chenfengyuan/datepicker/-/datepicker-1.0.7.tgz#fe697600b5fc2190a49386c53b363e04c3a8044d"
  integrity sha512-Prcb9R0MVUgUXHPTsZzjF+YIxhrMCqsF0mmItlwy61KIBG+PIMwSNV9Zg9eyP4dyOdd33EDPbmC4KPwYYF7vEw==

"@fortawesome/fontawesome-free@^5.7.2":
  version "5.7.2"
  resolved "https://registry.yarnpkg.com/@fortawesome/fontawesome-free/-/fontawesome-free-5.7.2.tgz#1498c3eb78ee7c78c5488418707de90aaf58d5d7"
  integrity sha512-Ha4HshKdCVKgu4TVCtG8XyPPYdzTzNW4/fvPnn+LT7AosRABryhlRv4cc4+o84dgpvVJN9reN7jo/c+nYujFug==

bootstrap-datepicker@^1.8.0:
  version "1.8.0"
  resolved "https://registry.yarnpkg.com/bootstrap-datepicker/-/bootstrap-datepicker-1.8.0.tgz#c63513931e6f09f16ae9f11b62f32d950df3958e"
  integrity sha512-213St/G8KT3mjs4qu4qwww74KWysMaIeqgq5OhrboZjIjemIpyuxlSo9FNNI5+KzpkkxkRRba+oewiRGV42B1A==
  dependencies:
    jquery ">=1.7.1 <4.0.0"

bootstrap@^4.2.1:
  version "4.2.1"
  resolved "https://registry.yarnpkg.com/bootstrap/-/bootstrap-4.2.1.tgz#8f8bdca024dbf0e8644da32e918c8a03a90a5757"
  integrity sha512-tt/7vIv3Gm2mnd/WeDx36nfGGHleil0Wg8IeB7eMrVkY0fZ5iTaBisSh8oNANc2IBsCc6vCgCNTIM/IEN0+50Q==

clockpicker@^0.0.7:
  version "0.0.7"
  resolved "https://registry.yarnpkg.com/clockpicker/-/clockpicker-0.0.7.tgz#32d02c3a6cb00a3b6ea6d1ec2c5fc147d7bec06e"
  integrity sha1-MtAsOmywCjtuptHsLF/BR9e+wG4=

desandro-matches-selector@^2.0.0:
  version "2.0.2"
  resolved "https://registry.yarnpkg.com/desandro-matches-selector/-/desandro-matches-selector-2.0.2.tgz#717beed4dc13e7d8f3762f707a6d58a6774218e1"
  integrity sha1-cXvu1NwT59jzdi9wem1YpndCGOE=

ekko-lightbox@^5.3.0:
  version "5.3.0"
  resolved "https://registry.yarnpkg.com/ekko-lightbox/-/ekko-lightbox-5.3.0.tgz#fbfcd9df93a8d1cdbf8770adc8c05aaac4d24f56"
  integrity sha512-mbacwySuVD3Ad6F2hTkjSTvJt59bcVv2l/TmBerp4xZnLak8tPtA4AScUn4DL42c1ksTiAO6sGhJZ52P/1Qgew==

ev-emitter@^1.0.0:
  version "1.1.1"
  resolved "https://registry.yarnpkg.com/ev-emitter/-/ev-emitter-1.1.1.tgz#8f18b0ce5c76a5d18017f71c0a795c65b9138f2a"
  integrity sha512-ipiDYhdQSCZ4hSbX4rMW+XzNKMD1prg/sTvoVmSLkuQ1MVlwjJQQA+sW8tMYR3BLUr9KjodFV4pvzunvRhd33Q==

fizzy-ui-utils@^2.0.0, fizzy-ui-utils@^2.0.4:
  version "2.0.7"
  resolved "https://registry.yarnpkg.com/fizzy-ui-utils/-/fizzy-ui-utils-2.0.7.tgz#7df45dcc4eb374a08b65d39bb9a4beedf7330505"
  integrity sha512-CZXDVXQ1If3/r8s0T+v+qVeMshhfcuq0rqIFgJnrtd+Bu8GmDmqMjntjUePypVtjHXKJ6V4sw9zeyox34n9aCg==
  dependencies:
    desandro-matches-selector "^2.0.0"

get-size@^2.0.0, get-size@^2.0.2:
  version "2.0.3"
  resolved "https://registry.yarnpkg.com/get-size/-/get-size-2.0.3.tgz#54a1d0256b20ea7ac646516756202769941ad2ef"
  integrity sha512-lXNzT/h/dTjTxRbm9BXb+SGxxzkm97h/PCIKtlN/CBCxxmkkIVV21udumMS93MuVTDX583gqc94v3RjuHmI+2Q==

imagesloaded@^4.1.4:
  version "4.1.4"
  resolved "https://registry.yarnpkg.com/imagesloaded/-/imagesloaded-4.1.4.tgz#1376efcd162bb768c34c3727ac89cc04051f3cc7"
  integrity sha512-ltiBVcYpc/TYTF5nolkMNsnREHW+ICvfQ3Yla2Sgr71YFwQ86bDwV9hgpFhFtrGPuwEx5+LqOHIrdXBdoWwwsA==
  dependencies:
    ev-emitter "^1.0.0"

isotope-layout@^3.0.6:
  version "3.0.6"
  resolved "https://registry.yarnpkg.com/isotope-layout/-/isotope-layout-3.0.6.tgz#d5636ec74d68e7e88fa5166fe6396858db00f432"
  integrity sha512-z2ZKablhocXhoNyWwzJPFd7u7FWbYbVJA51Nvsqsod8jH2ExGc1SwDsSWKE54e3PhXzqf2yZPhFSq/c2MR1arw==
  dependencies:
    desandro-matches-selector "^2.0.0"
    fizzy-ui-utils "^2.0.4"
    get-size "^2.0.0"
    masonry-layout "^4.1.0"
    outlayer "^2.1.0"

jquery-sticky@^1.0.4:
  version "1.0.4"
  resolved "https://registry.yarnpkg.com/jquery-sticky/-/jquery-sticky-1.0.4.tgz#2fe8d03dc904685340daa12cbdd1ca0c921b09ac"
  integrity sha1-L+jQPckEaFNA2qEsvdHKDJIbCaw=
  dependencies:
    jquery "*"

jquery@*, "jquery@>=1.7.1 <4.0.0", jquery@^3.3.1:
  version "3.3.1"
  resolved "https://registry.yarnpkg.com/jquery/-/jquery-3.3.1.tgz#958ce29e81c9790f31be7792df5d4d95fc57fbca"
  integrity sha512-Ubldcmxp5np52/ENotGxlLe6aGMvmF4R8S6tZjsP6Knsaxd/xp3Zrh50cG93lR6nPXyUFwzN3ZSOQI0wRJNdGg==

lightbox2@^2.10.0:
  version "2.10.0"
  resolved "https://registry.yarnpkg.com/lightbox2/-/lightbox2-2.10.0.tgz#06b3f7b7bd7c1332c20d037602d9657542fd7de4"
  integrity sha1-BrP3t718EzLCDQN2AtlldUL9feQ=

masonry-layout@^4.1.0:
  version "4.2.2"
  resolved "https://registry.yarnpkg.com/masonry-layout/-/masonry-layout-4.2.2.tgz#d57b44af13e601bfcdc423f1dd8348b5524de348"
  integrity sha512-iGtAlrpHNyxaR19CvKC3npnEcAwszXoyJiI8ARV2ePi7fmYhIud25MHK8Zx4P0LCC4d3TNO9+rFa1KoK1OEOaA==
  dependencies:
    get-size "^2.0.2"
    outlayer "^2.1.0"

outlayer@^2.1.0:
  version "2.1.1"
  resolved "https://registry.yarnpkg.com/outlayer/-/outlayer-2.1.1.tgz#29863b6de10ea5dadfffcadfa0d728907387e9a2"
  integrity sha1-KYY7beEOpdrf/8rfoNcokHOH6aI=
  dependencies:
    ev-emitter "^1.0.0"
    fizzy-ui-utils "^2.0.0"
    get-size "^2.0.2"

slick-carousel@^1.8.1:
  version "1.8.1"
  resolved "https://registry.yarnpkg.com/slick-carousel/-/slick-carousel-1.8.1.tgz#a4bfb29014887bb66ce528b90bd0cda262cc8f8d"
  integrity sha512-XB9Ftrf2EEKfzoQXt3Nitrt/IPbT+f1fgqBdoxO3W/+JYvtEOW6EgxnWfr9GH6nmULv7Y2tPmEX3koxThVmebA==
